
Microsoft Visual Studio Solution File, Format Version 12.00
# Visual Studio Version 17
VisualStudioVersion = 17.10.35013.160
MinimumVisualStudioVersion = 10.0.40219.1
Project("{9A19103F-16F7-4668-BE54-9A1E7A4F7556}") = "LoginUsers", "LoginUsers\LoginUsers.csproj", "{03406032-CD88-4412-BB5E-9D8D267B4450}"
EndProject
Global
	GlobalSection(SolutionConfigurationPlatforms) = preSolution
		Debug|Any CPU = Debug|Any CPU
		Release|Any CPU = Release|Any CPU
	EndGlobalSection
	GlobalSection(ProjectConfigurationPlatforms) = postSolution
		{03406032-CD88-4412-BB5E-9D8D267B4450}.Debug|Any CPU.ActiveCfg = Debug|Any CPU
		{03406032-CD88-4412-BB5E-9D8D267B4450}.Debug|Any CPU.Build.0 = Debug|Any CPU
		{03406032-CD88-4412-BB5E-9D8D267B4450}.Release|Any CPU.ActiveCfg = Release|Any CPU
		{03406032-CD88-4412-BB5E-9D8D267B4450}.Release|Any CPU.Build.0 = Release|Any CPU
	EndGlobalSection
	GlobalSection(SolutionProperties) = preSolution
		HideSolutionNode = FALSE
	EndGlobalSection
	GlobalSection(ExtensibilityGlobals) = postSolution
		SolutionGuid = {FA7DD64B-4E02-493F-8E1A-0C50CA9289C0}
	EndGlobalSection
EndGlobal
